
Microsoft Visual Studio Solution File, Format Version 12.00
# Visual Studio Version 16
VisualStudioVersion = 16.0.29215.179
MinimumVisualStudioVersion = 10.0.40219.1
Project("{FAE04EC0-301F-11D3-BF4B-00C04F79EFBC}") = "StudentRegistration", "StudentRegistration\StudentRegistration.csproj", "{2F78DD1E-4BDC-4A67-B680-145847FCBE45}"
EndProject
Global
	GlobalSection(SolutionConfigurationPlatforms) = preSolution
		Debug|Any CPU = Debug|Any CPU
		Release|Any CPU = Release|Any CPU
	EndGlobalSection
	GlobalSection(ProjectConfigurationPlatforms) = postSolution
		{2F78DD1E-4BDC-4A67-B680-145847FCBE45}.Debug|Any CPU.ActiveCfg = Debug|Any CPU
		{2F78DD1E-4BDC-4A67-B680-145847FCBE45}.Debug|Any CPU.Build.0 = Debug|Any CPU
		{2F78DD1E-4BDC-4A67-B680-145847FCBE45}.Release|Any CPU.ActiveCfg = Release|Any CPU
		{2F78DD1E-4BDC-4A67-B680-145847FCBE45}.Release|Any CPU.Build.0 = Release|Any CPU
	EndGlobalSection
	GlobalSection(SolutionProperties) = preSolution
		HideSolutionNode = FALSE
	EndGlobalSection
	GlobalSection(ExtensibilityGlobals) = postSolution
		SolutionGuid = {E2B8F69B-9BE3-4BAC-B9CC-79F29A642F11}
	EndGlobalSection
EndGlobal
